
Microsoft Visual Studio Solution File, Format Version 12.00
# Visual Studio Version 17
VisualStudioVersion = 17.9.34723.18
MinimumVisualStudioVersion = 10.0.40219.1
Project("{FAE04EC0-301F-11D3-BF4B-00C04F79EFBC}") = "qlDL", "qlDL\qlDL.csproj", "{0774524C-9304-4C69-86A8-9C7288A058B7}"
EndProject
Global
	GlobalSection(SolutionConfigurationPlatforms) = preSolution
		Debug|Any CPU = Debug|Any CPU
		Release|Any CPU = Release|Any CPU
	EndGlobalSection
	GlobalSection(ProjectConfigurationPlatforms) = postSolution
		{0774524C-9304-4C69-86A8-9C7288A058B7}.Debug|Any CPU.ActiveCfg = Debug|Any CPU
		{0774524C-9304-4C69-86A8-9C7288A058B7}.Debug|Any CPU.Build.0 = Debug|Any CPU
		{0774524C-9304-4C69-86A8-9C7288A058B7}.Release|Any CPU.ActiveCfg = Release|Any CPU
		{0774524C-9304-4C69-86A8-9C7288A058B7}.Release|Any CPU.Build.0 = Release|Any CPU
	EndGlobalSection
	GlobalSection(SolutionProperties) = preSolution
		HideSolutionNode = FALSE
	EndGlobalSection
	GlobalSection(ExtensibilityGlobals) = postSolution
		SolutionGuid = {3A80024B-49BC-4004-9129-E3C5C34DBB58}
	EndGlobalSection
EndGlobal
